// !$*UTF8*$!
{
	archiveVersion = 1;
	classes = {
	};
	objectVersion = 50;
	objects = {

/* Begin PBXBuildFile section */
		38213ADC24B406CF007A974C /* Red04.png in Resources */ = {isa = PBXBuildFile; fileRef = 38213AD124B406CF007A974C /* Red04.png */; };
		38213ADD24B406CF007A974C /* Red10.png in Resources */ = {isa = PBXBuildFile; fileRef = 38213AD224B406CF007A974C /* Red10.png */; };
		38213ADE24B406CF007A974C /* Red05.png in Resources */ = {isa = PBXBuildFile; fileRef = 38213AD324B406CF007A974C /* Red05.png */; };
		38213ADF24B406CF007A974C /* Red07.png in Resources */ = {isa = PBXBuildFile; fileRef = 38213AD424B406CF007A974C /* Red07.png */; };
		38213AE024B406CF007A974C /* Red06.png in Resources */ = {isa = PBXBuildFile; fileRef = 38213AD524B406CF007A974C /* Red06.png */; };
		38213AE124B406CF007A974C /* Red02.png in Resources */ = {isa = PBXBuildFile; fileRef = 38213AD624B406CF007A974C /* Red02.png */; };
		38213AE224B406CF007A974C /* Red03.png in Resources */ = {isa = PBXBuildFile; fileRef = 38213AD724B406CF007A974C /* Red03.png */; };
		38213AE324B406CF007A974C /* Red01.png in Resources */ = {isa = PBXBuildFile; fileRef = 38213AD824B406CF007A974C /* Red01.png */; };
		38213AE424B406CF007A974C /* Red00.png in Resources */ = {isa = PBXBuildFile; fileRef = 38213AD924B406CF007A974C /* Red00.png */; };
		38213AE524B406CF007A974C /* Red08.png in Resources */ = {isa = PBXBuildFile; fileRef = 38213ADA24B406CF007A974C /* Red08.png */; };
		38213AE624B406CF007A974C /* Red09.png in Resources */ = {isa = PBXBuildFile; fileRef = 38213ADB24B406CF007A974C /* Red09.png */; };
		38213AFD24B406FA007A974C /* odyssey.png in Resources */ = {isa = PBXBuildFile; fileRef = 38213AE924B406FA007A974C /* odyssey.png */; };
		38213AFE24B406FA007A974C /* rhode-island-gold.png in Resources */ = {isa = PBXBuildFile; fileRef = 38213AEB24B406FA007A974C /* rhode-island-gold.png */; };
		38213AFF24B406FA007A974C /* rhode-island-high-polished.png in Resources */ = {isa = PBXBuildFile; fileRef = 38213AEC24B406FA007A974C /* rhode-island-high-polished.png */; };
		38213B0024B406FA007A974C /* rhode-island-black.png in Resources */ = {isa = PBXBuildFile; fileRef = 38213AED24B406FA007A974C /* rhode-island-black.png */; };
		38213B0124B406FA007A974C /* fireEngine.png in Resources */ = {isa = PBXBuildFile; fileRef = 38213AEF24B406FA007A974C /* fireEngine.png */; };
		38213B0224B406FA007A974C /* blue.png in Resources */ = {isa = PBXBuildFile; fileRef = 38213AF024B406FA007A974C /* blue.png */; };
		38213B0324B406FA007A974C /* black.png in Resources */ = {isa = PBXBuildFile; fileRef = 38213AF124B406FA007A974C /* black.png */; };
		38213B0424B406FA007A974C /* red.png in Resources */ = {isa = PBXBuildFile; fileRef = 38213AF224B406FA007A974C /* red.png */; };
		38213B0524B406FA007A974C /* gold.png in Resources */ = {isa = PBXBuildFile; fileRef = 38213AF324B406FA007A974C /* gold.png */; };
		38213B0624B406FA007A974C /* chainwheel-black.png in Resources */ = {isa = PBXBuildFile; fileRef = 38213AF524B406FA007A974C /* chainwheel-black.png */; };
		38213B0724B406FA007A974C /* chainwheel-gold.png in Resources */ = {isa = PBXBuildFile; fileRef = 38213AF624B406FA007A974C /* chainwheel-gold.png */; };
		38213B0824B406FA007A974C /* chainwheel-red.png in Resources */ = {isa = PBXBuildFile; fileRef = 38213AF724B406FA007A974C /* chainwheel-red.png */; };
		38213B0924B406FA007A974C /* chainwheel-blue.png in Resources */ = {isa = PBXBuildFile; fileRef = 38213AF824B406FA007A974C /* chainwheel-blue.png */; };
		38213B0A24B406FA007A974C /* mds-gold.png in Resources */ = {isa = PBXBuildFile; fileRef = 38213AFA24B406FA007A974C /* mds-gold.png */; };
		38213B0B24B406FA007A974C /* mds-black.png in Resources */ = {isa = PBXBuildFile; fileRef = 38213AFB24B406FA007A974C /* mds-black.png */; };
		38213B0C24B406FA007A974C /* mds-high-polished.png in Resources */ = {isa = PBXBuildFile; fileRef = 38213AFC24B406FA007A974C /* mds-high-polished.png */; };
		38213B1224B40729007A974C /* CWBlack.png in Resources */ = {isa = PBXBuildFile; fileRef = 38213B0E24B40729007A974C /* CWBlack.png */; };
		38213B1324B40729007A974C /* CWGold.png in Resources */ = {isa = PBXBuildFile; fileRef = 38213B0F24B40729007A974C /* CWGold.png */; };
		38213B1424B40729007A974C /* CWRed.png in Resources */ = {isa = PBXBuildFile; fileRef = 38213B1024B40729007A974C /* CWRed.png */; };
		38213B1524B40729007A974C /* CWBlue.png in Resources */ = {isa = PBXBuildFile; fileRef = 38213B1124B40729007A974C /* CWBlue.png */; };
		38213B1B24B408FA007A974C /* verb.png in Resources */ = {isa = PBXBuildFile; fileRef = 38213B1724B408FA007A974C /* verb.png */; };
		38213B1C24B408FA007A974C /* Puerto_Rico.png in Resources */ = {isa = PBXBuildFile; fileRef = 38213B1824B408FA007A974C /* Puerto_Rico.png */; };
		38213B1D24B408FA007A974C /* India.png in Resources */ = {isa = PBXBuildFile; fileRef = 38213B1924B408FA007A974C /* India.png */; };
		38213B2024B40AE0007A974C /* MapKit.framework in Frameworks */ = {isa = PBXBuildFile; fileRef = 38213B1F24B40AE0007A974C /* MapKit.framework */; };
		38213B2324B40AEC007A974C /* HealthKit.framework in Frameworks */ = {isa = PBXBuildFile; fileRef = 38213B2124B40AEC007A974C /* HealthKit.framework */; };
		38213B2424B40AEC007A974C /* HealthKitUI.framework in Frameworks */ = {isa = PBXBuildFile; fileRef = 38213B2224B40AEC007A974C /* HealthKitUI.framework */; };
		383192BB24B400F80032C26B /* AppDelegate.m in Sources */ = {isa = PBXBuildFile; fileRef = 383192BA24B400F80032C26B /* AppDelegate.m */; };
		383192BE24B400F80032C26B /* Aeon.xcdatamodeld in Sources */ = {isa = PBXBuildFile; fileRef = 383192BC24B400F80032C26B /* Aeon.xcdatamodeld */; };
		383192C124B400F80032C26B /* SceneDelegate.m in Sources */ = {isa = PBXBuildFile; fileRef = 383192C024B400F80032C26B /* SceneDelegate.m */; };
		383192C424B400F80032C26B /* KDVPrimeViewController.m in Sources */ = {isa = PBXBuildFile; fileRef = 383192C324B400F80032C26B /* KDVPrimeViewController.m */; };
		383192C724B400F80032C26B /* KDVMapViewController.m in Sources */ = {isa = PBXBuildFile; fileRef = 383192C624B400F80032C26B /* KDVMapViewController.m */; };
		383192CA24B400F80032C26B /* Main.storyboard in Resources */ = {isa = PBXBuildFile; fileRef = 383192C824B400F80032C26B /* Main.storyboard */; };
		383192CC24B400FA0032C26B /* Assets.xcassets in Resources */ = {isa = PBXBuildFile; fileRef = 383192CB24B400FA0032C26B /* Assets.xcassets */; };
		383192CF24B400FA0032C26B /* LaunchScreen.storyboard in Resources */ = {isa = PBXBuildFile; fileRef = 383192CD24B400FA0032C26B /* LaunchScreen.storyboard */; };
		383192D224B400FA0032C26B /* main.m in Sources */ = {isa = PBXBuildFile; fileRef = 383192D124B400FA0032C26B /* main.m */; };
		383192DC24B400FA0032C26B /* AeonTests.m in Sources */ = {isa = PBXBuildFile; fileRef = 383192DB24B400FA0032C26B /* AeonTests.m */; };
		383192E724B400FA0032C26B /* AeonUITests.m in Sources */ = {isa = PBXBuildFile; fileRef = 383192E624B400FA0032C26B /* AeonUITests.m */; };
/* End PBXBuildFile section */

/* Begin PBXContainerItemProxy section */
		383192D824B400FA0032C26B /* PBXContainerItemProxy */ = {
			isa = PBXContainerItemProxy;
			containerPortal = 383192AE24B400F80032C26B /* Project object */;
			proxyType = 1;
			remoteGlobalIDString = 383192B524B400F80032C26B;
			remoteInfo = Aeon;
		};
		383192E324B400FA0032C26B /* PBXContainerItemProxy */ = {
			isa = PBXContainerItemProxy;
			containerPortal = 383192AE24B400F80032C26B /* Project object */;
			proxyType = 1;
			remoteGlobalIDString = 383192B524B400F80032C26B;
			remoteInfo = Aeon;
		};
/* End PBXContainerItemProxy section */

/* Begin PBXFileReference section */
		38213AD124B406CF007A974C /* Red04.png */ = {isa = PBXFileReference; lastKnownFileType = image.png; path = Red04.png; sourceTree = "<group>"; };
		38213AD224B406CF007A974C /* Red10.png */ = {isa = PBXFileReference; lastKnownFileType = image.png; path = Red10.png; sourceTree = "<group>"; };
		38213AD324B406CF007A974C /* Red05.png */ = {isa = PBXFileReference; lastKnownFileType = image.png; path = Red05.png; sourceTree = "<group>"; };
		38213AD424B406CF007A974C /* Red07.png */ = {isa = PBXFileReference; lastKnownFileType = image.png; path = Red07.png; sourceTree = "<group>"; };
		38213AD524B406CF007A974C /* Red06.png */ = {isa = PBXFileReference; lastKnownFileType = image.png; path = Red06.png; sourceTree = "<group>"; };
		38213AD624B406CF007A974C /* Red02.png */ = {isa = PBXFileReference; lastKnownFileType = image.png; path = Red02.png; sourceTree = "<group>"; };
		38213AD724B406CF007A974C /* Red03.png */ = {isa = PBXFileReference; lastKnownFileType = image.png; path = Red03.png; sourceTree = "<group>"; };
		38213AD824B406CF007A974C /* Red01.png */ = {isa = PBXFileReference; lastKnownFileType = image.png; path = Red01.png; sourceTree = "<group>"; };
		38213AD924B406CF007A974C /* Red00.png */ = {isa = PBXFileReference; lastKnownFileType = image.png; path = Red00.png; sourceTree = "<group>"; };
		38213ADA24B406CF007A974C /* Red08.png */ = {isa = PBXFileReference; lastKnownFileType = image.png; path = Red08.png; sourceTree = "<group>"; };
		38213ADB24B406CF007A974C /* Red09.png */ = {isa = PBXFileReference; lastKnownFileType = image.png; path = Red09.png; sourceTree = "<group>"; };
		38213AE924B406FA007A974C /* odyssey.png */ = {isa = PBXFileReference; lastKnownFileType = image.png; path = odyssey.png; sourceTree = "<group>"; };
		38213AEB24B406FA007A974C /* rhode-island-gold.png */ = {isa = PBXFileReference; lastKnownFileType = image.png; path = "rhode-island-gold.png"; sourceTree = "<group>"; };
		38213AEC24B406FA007A974C /* rhode-island-high-polished.png */ = {isa = PBXFileReference; lastKnownFileType = image.png; path = "rhode-island-high-polished.png"; sourceTree = "<group>"; };
		38213AED24B406FA007A974C /* rhode-island-black.png */ = {isa = PBXFileReference; lastKnownFileType = image.png; path = "rhode-island-black.png"; sourceTree = "<group>"; };
		38213AEF24B406FA007A974C /* fireEngine.png */ = {isa = PBXFileReference; lastKnownFileType = image.png; path = fireEngine.png; sourceTree = "<group>"; };
		38213AF024B406FA007A974C /* blue.png */ = {isa = PBXFileReference; lastKnownFileType = image.png; path = blue.png; sourceTree = "<group>"; };
		38213AF124B406FA007A974C /* black.png */ = {isa = PBXFileReference; lastKnownFileType = image.png; path = black.png; sourceTree = "<group>"; };
		38213AF224B406FA007A974C /* red.png */ = {isa = PBXFileReference; lastKnownFileType = image.png; path = red.png; sourceTree = "<group>"; };
		38213AF324B406FA007A974C /* gold.png */ = {isa = PBXFileReference; lastKnownFileType = image.png; path = gold.png; sourceTree = "<group>"; };
		38213AF524B406FA007A974C /* chainwheel-black.png */ = {isa = PBXFileReference; lastKnownFileType = image.png; path = "chainwheel-black.png"; sourceTree = "<group>"; };
		38213AF624B406FA007A974C /* chainwheel-gold.png */ = {isa = PBXFileReference; lastKnownFileType = image.png; path = "chainwheel-gold.png"; sourceTree = "<group>"; };
		38213AF724B406FA007A974C /* chainwheel-red.png */ = {isa = PBXFileReference; lastKnownFileType = image.png; path = "chainwheel-red.png"; sourceTree = "<group>"; };
		38213AF824B406FA007A974C /* chainwheel-blue.png */ = {isa = PBXFileReference; lastKnownFileType = image.png; path = "chainwheel-blue.png"; sourceTree = "<group>"; };
		38213AFA24B406FA007A974C /* mds-gold.png */ = {isa = PBXFileReference; lastKnownFileType = image.png; path = "mds-gold.png"; sourceTree = "<group>"; };
		38213AFB24B406FA007A974C /* mds-black.png */ = {isa = PBXFileReference; lastKnownFileType = image.png; path = "mds-black.png"; sourceTree = "<group>"; };
		38213AFC24B406FA007A974C /* mds-high-polished.png */ = {isa = PBXFileReference; lastKnownFileType = image.png; path = "mds-high-polished.png"; sourceTree = "<group>"; };
		38213B0E24B40729007A974C /* CWBlack.png */ = {isa = PBXFileReference; lastKnownFileType = image.png; path = CWBlack.png; sourceTree = "<group>"; };
		38213B0F24B40729007A974C /* CWGold.png */ = {isa = PBXFileReference; lastKnownFileType = image.png; path = CWGold.png; sourceTree = "<group>"; };
		38213B1024B40729007A974C /* CWRed.png */ = {isa = PBXFileReference; lastKnownFileType = image.png; path = CWRed.png; sourceTree = "<group>"; };
		38213B1124B40729007A974C /* CWBlue.png */ = {isa = PBXFileReference; lastKnownFileType = image.png; path = CWBlue.png; sourceTree = "<group>"; };
		38213B1724B408FA007A974C /* verb.png */ = {isa = PBXFileReference; lastKnownFileType = image.png; name = verb.png; path = ../Flags/verb.png; sourceTree = "<group>"; };
		38213B1824B408FA007A974C /* Puerto_Rico.png */ = {isa = PBXFileReference; lastKnownFileType = image.png; path = Puerto_Rico.png; sourceTree = "<group>"; };
		38213B1924B408FA007A974C /* India.png */ = {isa = PBXFileReference; lastKnownFileType = image.png; path = India.png; sourceTree = "<group>"; };
		38213B1F24B40AE0007A974C /* MapKit.framework */ = {isa = PBXFileReference; lastKnownFileType = wrapper.framework; name = MapKit.framework; path = System/Library/Frameworks/MapKit.framework; sourceTree = SDKROOT; };
		38213B2124B40AEC007A974C /* HealthKit.framework */ = {isa = PBXFileReference; lastKnownFileType = wrapper.framework; name = HealthKit.framework; path = System/Library/Frameworks/HealthKit.framework; sourceTree = SDKROOT; };
		38213B2224B40AEC007A974C /* HealthKitUI.framework */ = {isa = PBXFileReference; lastKnownFileType = wrapper.framework; name = HealthKitUI.framework; path = System/Library/Frameworks/HealthKitUI.framework; sourceTree = SDKROOT; };
		383192B624B400F80032C26B /* Aeon.app */ = {isa = PBXFileReference; explicitFileType = wrapper.application; includeInIndex = 0; path = Aeon.app; sourceTree = BUILT_PRODUCTS_DIR; };
		383192B924B400F80032C26B /* AppDelegate.h */ = {isa = PBXFileReference; lastKnownFileType = sourcecode.c.h; path = AppDelegate.h; sourceTree = "<group>"; };
		383192BA24B400F80032C26B /* AppDelegate.m */ = {isa = PBXFileReference; lastKnownFileType = sourcecode.c.objc; path = AppDelegate.m; sourceTree = "<group>"; };
		383192BD24B400F80032C26B /* Aeon.xcdatamodel */ = {isa = PBXFileReference; lastKnownFileType = wrapper.xcdatamodel; path = Aeon.xcdatamodel; sourceTree = "<group>"; };
		383192BF24B400F80032C26B /* SceneDelegate.h */ = {isa = PBXFileReference; lastKnownFileType = sourcecode.c.h; path = SceneDelegate.h; sourceTree = "<group>"; };
		383192C024B400F80032C26B /* SceneDelegate.m */ = {isa = PBXFileReference; lastKnownFileType = sourcecode.c.objc; path = SceneDelegate.m; sourceTree = "<group>"; };
		383192C224B400F80032C26B /* KDVPrimeViewController.h */ = {isa = PBXFileReference; lastKnownFileType = sourcecode.c.h; path = KDVPrimeViewController.h; sourceTree = "<group>"; };
		383192C324B400F80032C26B /* KDVPrimeViewController.m */ = {isa = PBXFileReference; lastKnownFileType = sourcecode.c.objc; path = KDVPrimeViewController.m; sourceTree = "<group>"; };
		383192C524B400F80032C26B /* KDVMapViewController.h */ = {isa = PBXFileReference; lastKnownFileType = sourcecode.c.h; path = KDVMapViewController.h; sourceTree = "<group>"; };
		383192C624B400F80032C26B /* KDVMapViewController.m */ = {isa = PBXFileReference; lastKnownFileType = sourcecode.c.objc; path = KDVMapViewController.m; sourceTree = "<group>"; };
		383192C924B400F80032C26B /* Base */ = {isa = PBXFileReference; lastKnownFileType = file.storyboard; name = Base; path = Base.lproj/Main.storyboard; sourceTree = "<group>"; };
		383192CB24B400FA0032C26B /* Assets.xcassets */ = {isa = PBXFileReference; lastKnownFileType = folder.assetcatalog; path = Assets.xcassets; sourceTree = "<group>"; };
		383192CE24B400FA0032C26B /* Base */ = {isa = PBXFileReference; lastKnownFileType = file.storyboard; name = Base; path = Base.lproj/LaunchScreen.storyboard; sourceTree = "<group>"; };
		383192D024B400FA0032C26B /* Info.plist */ = {isa = PBXFileReference; lastKnownFileType = text.plist.xml; path = Info.plist; sourceTree = "<group>"; };
		383192D124B400FA0032C26B /* main.m */ = {isa = PBXFileReference; lastKnownFileType = sourcecode.c.objc; path = main.m; sourceTree = "<group>"; };
		383192D724B400FA0032C26B /* AeonTests.xctest */ = {isa = PBXFileReference; explicitFileType = wrapper.cfbundle; includeInIndex = 0; path = AeonTests.xctest; sourceTree = BUILT_PRODUCTS_DIR; };
		383192DB24B400FA0032C26B /* AeonTests.m */ = {isa = PBXFileReference; lastKnownFileType = sourcecode.c.objc; path = AeonTests.m; sourceTree = "<group>"; };
		383192DD24B400FA0032C26B /* Info.plist */ = {isa = PBXFileReference; lastKnownFileType = text.plist.xml; path = Info.plist; sourceTree = "<group>"; };
		383192E224B400FA0032C26B /* AeonUITests.xctest */ = {isa = PBXFileReference; explicitFileType = wrapper.cfbundle; includeInIndex = 0; path = AeonUITests.xctest; sourceTree = BUILT_PRODUCTS_DIR; };
		383192E624B400FA0032C26B /* AeonUITests.m */ = {isa = PBXFileReference; lastKnownFileType = sourcecode.c.objc; path = AeonUITests.m; sourceTree = "<group>"; };
		383192E824B400FA0032C26B /* Info.plist */ = {isa = PBXFileReference; lastKnownFileType = text.plist.xml; path = Info.plist; sourceTree = "<group>"; };
/* End PBXFileReference section */

/* Begin PBXFrameworksBuildPhase section */
		383192B324B400F80032C26B /* Frameworks */ = {
			isa = PBXFrameworksBuildPhase;
			buildActionMask = 2147483647;
			files = (
				38213B2024B40AE0007A974C /* MapKit.framework in Frameworks */,
				38213B2324B40AEC007A974C /* HealthKit.framework in Frameworks */,
				38213B2424B40AEC007A974C /* HealthKitUI.framework in Frameworks */,
			);
			runOnlyForDeploymentPostprocessing = 0;
		};
		383192D424B400FA0032C26B /* Frameworks */ = {
			isa = PBXFrameworksBuildPhase;
			buildActionMask = 2147483647;
			files = (
			);
			runOnlyForDeploymentPostprocessing = 0;
		};
		383192DF24B400FA0032C26B /* Frameworks */ = {
			isa = PBXFrameworksBuildPhase;
			buildActionMask = 2147483647;
			files = (
			);
			runOnlyForDeploymentPostprocessing = 0;
		};
/* End PBXFrameworksBuildPhase section */

/* Begin PBXGroup section */
		38213AD024B406CF007A974C /* RedNumbers */ = {
			isa = PBXGroup;
			children = (
				38213AD124B406CF007A974C /* Red04.png */,
				38213AD224B406CF007A974C /* Red10.png */,
				38213AD324B406CF007A974C /* Red05.png */,
				38213AD424B406CF007A974C /* Red07.png */,
				38213AD524B406CF007A974C /* Red06.png */,
				38213AD624B406CF007A974C /* Red02.png */,
				38213AD724B406CF007A974C /* Red03.png */,
				38213AD824B406CF007A974C /* Red01.png */,
				38213AD924B406CF007A974C /* Red00.png */,
				38213ADA24B406CF007A974C /* Red08.png */,
				38213ADB24B406CF007A974C /* Red09.png */,
			);
			path = RedNumbers;
			sourceTree = "<group>";
		};
		38213AE724B406FA007A974C /* cogs */ = {
			isa = PBXGroup;
			children = (
				38213AE824B406FA007A974C /* odyssey */,
				38213AEA24B406FA007A974C /* rhode-island */,
				38213AEE24B406FA007A974C /* burlington */,
				38213AF424B406FA007A974C /* old-school */,
				38213AF924B406FA007A974C /* guard */,
			);
			path = cogs;
			sourceTree = "<group>";
		};
		38213AE824B406FA007A974C /* odyssey */ = {
			isa = PBXGroup;
			children = (
				38213AE924B406FA007A974C /* odyssey.png */,
			);
			path = odyssey;
			sourceTree = "<group>";
		};
		38213AEA24B406FA007A974C /* rhode-island */ = {
			isa = PBXGroup;
			children = (
				38213AEB24B406FA007A974C /* rhode-island-gold.png */,
				38213AEC24B406FA007A974C /* rhode-island-high-polished.png */,
				38213AED24B406FA007A974C /* rhode-island-black.png */,
			);
			path = "rhode-island";
			sourceTree = "<group>";
		};
		38213AEE24B406FA007A974C /* burlington */ = {
			isa = PBXGroup;
			children = (
				38213AEF24B406FA007A974C /* fireEngine.png */,
				38213AF024B406FA007A974C /* blue.png */,
				38213AF124B406FA007A974C /* black.png */,
				38213AF224B406FA007A974C /* red.png */,
				38213AF324B406FA007A974C /* gold.png */,
			);
			path = burlington;
			sourceTree = "<group>";
		};
		38213AF424B406FA007A974C /* old-school */ = {
			isa = PBXGroup;
			children = (
				38213AF524B406FA007A974C /* chainwheel-black.png */,
				38213AF624B406FA007A974C /* chainwheel-gold.png */,
				38213AF724B406FA007A974C /* chainwheel-red.png */,
				38213AF824B406FA007A974C /* chainwheel-blue.png */,
			);
			path = "old-school";
			sourceTree = "<group>";
		};
		38213AF924B406FA007A974C /* guard */ = {
			isa = PBXGroup;
			children = (
				38213AFA24B406FA007A974C /* mds-gold.png */,
				38213AFB24B406FA007A974C /* mds-black.png */,
				38213AFC24B406FA007A974C /* mds-high-polished.png */,
			);
			path = guard;
			sourceTree = "<group>";
		};
		38213B0D24B40729007A974C /* AppIcons */ = {
			isa = PBXGroup;
			children = (
				38213B0E24B40729007A974C /* CWBlack.png */,
				38213B0F24B40729007A974C /* CWGold.png */,
				38213B1024B40729007A974C /* CWRed.png */,
				38213B1124B40729007A974C /* CWBlue.png */,
			);
			path = AppIcons;
			sourceTree = "<group>";
		};
		38213B1624B408FA007A974C /* Flags */ = {
			isa = PBXGroup;
			children = (
				38213B1824B408FA007A974C /* Puerto_Rico.png */,
				38213B1924B408FA007A974C /* India.png */,
			);
			path = Flags;
			sourceTree = "<group>";
		};
		38213B1A24B408FA007A974C /* verb */ = {
			isa = PBXGroup;
			children = (
				38213B1724B408FA007A974C /* verb.png */,
			);
			path = verb;
			sourceTree = "<group>";
		};
		38213B1E24B40AE0007A974C /* Frameworks */ = {
			isa = PBXGroup;
			children = (
				38213B2124B40AEC007A974C /* HealthKit.framework */,
				38213B2224B40AEC007A974C /* HealthKitUI.framework */,
				38213B1F24B40AE0007A974C /* MapKit.framework */,
			);
			name = Frameworks;
			sourceTree = "<group>";
		};
		383192AD24B400F80032C26B = {
			isa = PBXGroup;
			children = (
				383192B824B400F80032C26B /* Aeon */,
				383192D024B400FA0032C26B /* Info.plist */,
				383192DA24B400FA0032C26B /* AeonTests */,
				383192E524B400FA0032C26B /* AeonUITests */,
				383192B724B400F80032C26B /* Products */,
				38213B1E24B40AE0007A974C /* Frameworks */,
			);
			sourceTree = "<group>";
		};
		383192B724B400F80032C26B /* Products */ = {
			isa = PBXGroup;
			children = (
				383192B624B400F80032C26B /* Aeon.app */,
				383192D724B400FA0032C26B /* AeonTests.xctest */,
				383192E224B400FA0032C26B /* AeonUITests.xctest */,
			);
			name = Products;
			sourceTree = "<group>";
		};
		383192B824B400F80032C26B /* Aeon */ = {
			isa = PBXGroup;
			children = (
				383192F624B4016F0032C26B /* ApplicationSupport */,
				383192F824B402B60032C26B /* ViewControllers */,
				383192F724B401E90032C26B /* GUI */,
				383192F524B401590032C26B /* DATA */,
			);
			path = Aeon;
			sourceTree = "<group>";
		};
		383192DA24B400FA0032C26B /* AeonTests */ = {
			isa = PBXGroup;
			children = (
				383192DB24B400FA0032C26B /* AeonTests.m */,
				383192DD24B400FA0032C26B /* Info.plist */,
			);
			path = AeonTests;
			sourceTree = "<group>";
		};
		383192E524B400FA0032C26B /* AeonUITests */ = {
			isa = PBXGroup;
			children = (
				383192E624B400FA0032C26B /* AeonUITests.m */,
				383192E824B400FA0032C26B /* Info.plist */,
			);
			path = AeonUITests;
			sourceTree = "<group>";
		};
		383192F424B401470032C26B /* DataModel */ = {
			isa = PBXGroup;
			children = (
				383192BC24B400F80032C26B /* Aeon.xcdatamodeld */,
			);
			path = DataModel;
			sourceTree = "<group>";
		};
		383192F524B401590032C26B /* DATA */ = {
			isa = PBXGroup;
			children = (
				383192F424B401470032C26B /* DataModel */,
			);
			path = DATA;
			sourceTree = "<group>";
		};
		383192F624B4016F0032C26B /* ApplicationSupport */ = {
			isa = PBXGroup;
			children = (
				383192B924B400F80032C26B /* AppDelegate.h */,
				383192BA24B400F80032C26B /* AppDelegate.m */,
				383192BF24B400F80032C26B /* SceneDelegate.h */,
				383192C024B400F80032C26B /* SceneDelegate.m */,
				383192D124B400FA0032C26B /* main.m */,
			);
			path = ApplicationSupport;
			sourceTree = "<group>";
		};
		383192F724B401E90032C26B /* GUI */ = {
			isa = PBXGroup;
			children = (
				383192C824B400F80032C26B /* Main.storyboard */,
				383192CD24B400FA0032C26B /* LaunchScreen.storyboard */,
				383192CB24B400FA0032C26B /* Assets.xcassets */,
				38213B1624B408FA007A974C /* Flags */,
				38213B1A24B408FA007A974C /* verb */,
				38213B0D24B40729007A974C /* AppIcons */,
				38213AE724B406FA007A974C /* cogs */,
				38213AD024B406CF007A974C /* RedNumbers */,
			);
			path = GUI;
			sourceTree = "<group>";
		};
		383192F824B402B60032C26B /* ViewControllers */ = {
			isa = PBXGroup;
			children = (
				383192F924B402C60032C26B /* PrimeView */,
				383192FA24B402D40032C26B /* MapView */,
			);
			path = ViewControllers;
			sourceTree = "<group>";
		};
		383192F924B402C60032C26B /* PrimeView */ = {
			isa = PBXGroup;
			children = (
				383192C224B400F80032C26B /* KDVPrimeViewController.h */,
				383192C324B400F80032C26B /* KDVPrimeViewController.m */,
			);
			path = PrimeView;
			sourceTree = "<group>";
		};
		383192FA24B402D40032C26B /* MapView */ = {
			isa = PBXGroup;
			children = (
				383192C524B400F80032C26B /* KDVMapViewController.h */,
				383192C624B400F80032C26B /* KDVMapViewController.m */,
			);
			path = MapView;
			sourceTree = "<group>";
		};
/* End PBXGroup section */

/* Begin PBXNativeTarget section */
		383192B524B400F80032C26B /* Aeon */ = {
			isa = PBXNativeTarget;
			buildConfigurationList = 383192EB24B400FA0032C26B /* Build configuration list for PBXNativeTarget "Aeon" */;
			buildPhases = (
				383192B224B400F80032C26B /* Sources */,
				383192B324B400F80032C26B /* Frameworks */,
				383192B424B400F80032C26B /* Resources */,
			);
			buildRules = (
			);
			dependencies = (
			);
			name = Aeon;
			productName = Aeon;
			productReference = 383192B624B400F80032C26B /* Aeon.app */;
			productType = "com.apple.product-type.application";
		};
		383192D624B400FA0032C26B /* AeonTests */ = {
			isa = PBXNativeTarget;
			buildConfigurationList = 383192EE24B400FA0032C26B /* Build configuration list for PBXNativeTarget "AeonTests" */;
			buildPhases = (
				383192D324B400FA0032C26B /* Sources */,
				383192D424B400FA0032C26B /* Frameworks */,
				383192D524B400FA0032C26B /* Resources */,
			);
			buildRules = (
			);
			dependencies = (
				383192D924B400FA0032C26B /* PBXTargetDependency */,
			);
			name = AeonTests;
			productName = AeonTests;
			productReference = 383192D724B400FA0032C26B /* AeonTests.xctest */;
			productType = "com.apple.product-type.bundle.unit-test";
		};
		383192E124B400FA0032C26B /* AeonUITests */ = {
			isa = PBXNativeTarget;
			buildConfigurationList = 383192F124B400FA0032C26B /* Build configuration list for PBXNativeTarget "AeonUITests" */;
			buildPhases = (
				383192DE24B400FA0032C26B /* Sources */,
				383192DF24B400FA0032C26B /* Frameworks */,
				383192E024B400FA0032C26B /* Resources */,
			);
			buildRules = (
			);
			dependencies = (
				383192E424B400FA0032C26B /* PBXTargetDependency */,
			);
			name = AeonUITests;
			productName = AeonUITests;
			productReference = 383192E224B400FA0032C26B /* AeonUITests.xctest */;
			productType = "com.apple.product-type.bundle.ui-testing";
		};
/* End PBXNativeTarget section */

/* Begin PBXProject section */
		383192AE24B400F80032C26B /* Project object */ = {
			isa = PBXProject;
			attributes = {
				LastUpgradeCheck = 1150;
				ORGANIZATIONNAME = "Kenn Villegas";
				TargetAttributes = {
					383192B524B400F80032C26B = {
						CreatedOnToolsVersion = 11.5;
					};
					383192D624B400FA0032C26B = {
						CreatedOnToolsVersion = 11.5;
						TestTargetID = 383192B524B400F80032C26B;
					};
					383192E124B400FA0032C26B = {
						CreatedOnToolsVersion = 11.5;
						TestTargetID = 383192B524B400F80032C26B;
					};
				};
			};
			buildConfigurationList = 383192B124B400F80032C26B /* Build configuration list for PBXProject "Aeon" */;
			compatibilityVersion = "Xcode 9.3";
			developmentRegion = en;
			hasScannedForEncodings = 0;
			knownRegions = (
				en,
				Base,
			);
			mainGroup = 383192AD24B400F80032C26B;
			productRefGroup = 383192B724B400F80032C26B /* Products */;
			projectDirPath = "";
			projectRoot = "";
			targets = (
				383192B524B400F80032C26B /* Aeon */,
				383192D624B400FA0032C26B /* AeonTests */,
				383192E124B400FA0032C26B /* AeonUITests */,
			);
		};
/* End PBXProject section */

/* Begin PBXResourcesBuildPhase section */
		383192B424B400F80032C26B /* Resources */ = {
			isa = PBXResourcesBuildPhase;
			buildActionMask = 2147483647;
			files = (
				38213B1D24B408FA007A974C /* India.png in Resources */,
				38213B0724B406FA007A974C /* chainwheel-gold.png in Resources */,
				38213AFF24B406FA007A974C /* rhode-island-high-polished.png in Resources */,
				38213B0B24B406FA007A974C /* mds-black.png in Resources */,
				38213B0624B406FA007A974C /* chainwheel-black.png in Resources */,
				38213B0024B406FA007A974C /* rhode-island-black.png in Resources */,
				383192CF24B400FA0032C26B /* LaunchScreen.storyboard in Resources */,
				383192CC24B400FA0032C26B /* Assets.xcassets in Resources */,
				38213ADF24B406CF007A974C /* Red07.png in Resources */,
				38213ADE24B406CF007A974C /* Red05.png in Resources */,
				38213B0124B406FA007A974C /* fireEngine.png in Resources */,
				38213B0C24B406FA007A974C /* mds-high-polished.png in Resources */,
				383192CA24B400F80032C26B /* Main.storyboard in Resources */,
				38213B0A24B406FA007A974C /* mds-gold.png in Resources */,
				38213B0324B406FA007A974C /* black.png in Resources */,
				38213AFE24B406FA007A974C /* rhode-island-gold.png in Resources */,
				38213AE024B406CF007A974C /* Red06.png in Resources */,
				38213B1224B40729007A974C /* CWBlack.png in Resources */,
				38213B1524B40729007A974C /* CWBlue.png in Resources */,
				38213B0824B406FA007A974C /* chainwheel-red.png in Resources */,
				38213ADC24B406CF007A974C /* Red04.png in Resources */,
				38213B0224B406FA007A974C /* blue.png in Resources */,
				38213B1B24B408FA007A974C /* verb.png in Resources */,
				38213ADD24B406CF007A974C /* Red10.png in Resources */,
				38213AE224B406CF007A974C /* Red03.png in Resources */,
				38213AE124B406CF007A974C /* Red02.png in Resources */,
				38213AE624B406CF007A974C /* Red09.png in Resources */,
				38213AFD24B406FA007A974C /* odyssey.png in Resources */,
				38213AE324B406CF007A974C /* Red01.png in Resources */,
				38213B1424B40729007A974C /* CWRed.png in Resources */,
				38213B0524B406FA007A974C /* gold.png in Resources */,
				38213B0424B406FA007A974C /* red.png in Resources */,
				38213B0924B406FA007A974C /* chainwheel-blue.png in Resources */,
				38213B1324B40729007A974C /* CWGold.png in Resources */,
				38213B1C24B408FA007A974C /* Puerto_Rico.png in Resources */,
				38213AE424B406CF007A974C /* Red00.png in Resources */,
				38213AE524B406CF007A974C /* Red08.png in Resources */,
			);
			runOnlyForDeploymentPostprocessing = 0;
		};
		383192D524B400FA0032C26B /* Resources */ = {
			isa = PBXResourcesBuildPhase;
			buildActionMask = 2147483647;
			files = (
			);
			runOnlyForDeploymentPostprocessing = 0;
		};
		383192E024B400FA0032C26B /* Resources */ = {
			isa = PBXResourcesBuildPhase;
			buildActionMask = 2147483647;
			files = (
			);
			runOnlyForDeploymentPostprocessing = 0;
		};
/* End PBXResourcesBuildPhase section */

/* Begin PBXSourcesBuildPhase section */
		383192B224B400F80032C26B /* Sources */ = {
			isa = PBXSourcesBuildPhase;
			buildActionMask = 2147483647;
			files = (
				383192C724B400F80032C26B /* KDVMapViewController.m in Sources */,
				383192C424B400F80032C26B /* KDVPrimeViewController.m in Sources */,
				383192BE24B400F80032C26B /* Aeon.xcdatamodeld in Sources */,
				383192C124B400F80032C26B /* SceneDelegate.m in Sources */,
				383192D224B400FA0032C26B /* main.m in Sources */,
				383192BB24B400F80032C26B /* AppDelegate.m in Sources */,
			);
			runOnlyForDeploymentPostprocessing = 0;
		};
		383192D324B400FA0032C26B /* Sources */ = {
			isa = PBXSourcesBuildPhase;
			buildActionMask = 2147483647;
			files = (
				383192DC24B400FA0032C26B /* AeonTests.m in Sources */,
			);
			runOnlyForDeploymentPostprocessing = 0;
		};
		383192DE24B400FA0032C26B /* Sources */ = {
			isa = PBXSourcesBuildPhase;
			buildActionMask = 2147483647;
			files = (
				383192E724B400FA0032C26B /* AeonUITests.m in Sources */,
			);
			runOnlyForDeploymentPostprocessing = 0;
		};
/* End PBXSourcesBuildPhase section */

/* Begin PBXTargetDependency section */
		383192D924B400FA0032C26B /* PBXTargetDependency */ = {
			isa = PBXTargetDependency;
			target = 383192B524B400F80032C26B /* Aeon */;
			targetProxy = 383192D824B400FA0032C26B /* PBXContainerItemProxy */;
		};
		383192E424B400FA0032C26B /* PBXTargetDependency */ = {
			isa = PBXTargetDependency;
			target = 383192B524B400F80032C26B /* Aeon */;
			targetProxy = 383192E324B400FA0032C26B /* PBXContainerItemProxy */;
		};
/* End PBXTargetDependency section */

/* Begin PBXVariantGroup section */
		383192C824B400F80032C26B /* Main.storyboard */ = {
			isa = PBXVariantGroup;
			children = (
				383192C924B400F80032C26B /* Base */,
			);
			name = Main.storyboard;
			sourceTree = "<group>";
		};
		383192CD24B400FA0032C26B /* LaunchScreen.storyboard */ = {
			isa = PBXVariantGroup;
			children = (
				383192CE24B400FA0032C26B /* Base */,
			);
			name = LaunchScreen.storyboard;
			sourceTree = "<group>";
		};
/* End PBXVariantGroup section */

/* Begin XCBuildConfiguration section */
		383192E924B400FA0032C26B /* Debug */ = {
			isa = XCBuildConfiguration;
			buildSettings = {
				ALWAYS_SEARCH_USER_PATHS = NO;
				CLANG_ANALYZER_NONNULL = YES;
				CLANG_ANALYZER_NUMBER_OBJECT_CONVERSION = YES_AGGRESSIVE;
				CLANG_CXX_LANGUAGE_STANDARD = "gnu++14";
				CLANG_CXX_LIBRARY = "libc++";
				CLANG_ENABLE_MODULES = YES;
				CLANG_ENABLE_OBJC_ARC = YES;
				CLANG_ENABLE_OBJC_WEAK = YES;
				CLANG_WARN_BLOCK_CAPTURE_AUTORELEASING = YES;
				CLANG_WARN_BOOL_CONVERSION = YES;
				CLANG_WARN_COMMA = YES;
				CLANG_WARN_CONSTANT_CONVERSION = YES;
				CLANG_WARN_DEPRECATED_OBJC_IMPLEMENTATIONS = YES;
				CLANG_WARN_DIRECT_OBJC_ISA_USAGE = YES_ERROR;
				CLANG_WARN_DOCUMENTATION_COMMENTS = YES;
				CLANG_WARN_EMPTY_BODY = YES;
				CLANG_WARN_ENUM_CONVERSION = YES;
				CLANG_WARN_INFINITE_RECURSION = YES;
				CLANG_WARN_INT_CONVERSION = YES;
				CLANG_WARN_NON_LITERAL_NULL_CONVERSION = YES;
				CLANG_WARN_OBJC_IMPLICIT_RETAIN_SELF = YES;
				CLANG_WARN_OBJC_LITERAL_CONVERSION = YES;
				CLANG_WARN_OBJC_ROOT_CLASS = YES_ERROR;
				CLANG_WARN_RANGE_LOOP_ANALYSIS = YES;
				CLANG_WARN_STRICT_PROTOTYPES = YES;
				CLANG_WARN_SUSPICIOUS_MOVE = YES;
				CLANG_WARN_UNGUARDED_AVAILABILITY = YES_AGGRESSIVE;
				CLANG_WARN_UNREACHABLE_CODE = YES;
				CLANG_WARN__DUPLICATE_METHOD_MATCH = YES;
				COPY_PHASE_STRIP = NO;
				DEBUG_INFORMATION_FORMAT = dwarf;
				ENABLE_STRICT_OBJC_MSGSEND = YES;
				ENABLE_TESTABILITY = YES;
				GCC_C_LANGUAGE_STANDARD = gnu11;
				GCC_DYNAMIC_NO_PIC = NO;
				GCC_NO_COMMON_BLOCKS = YES;
				GCC_OPTIMIZATION_LEVEL = 0;
				GCC_PREPROCESSOR_DEFINITIONS = (
					"DEBUG=1",
					"$(inherited)",
				);
				GCC_WARN_64_TO_32_BIT_CONVERSION = YES;
				GCC_WARN_ABOUT_RETURN_TYPE = YES_ERROR;
				GCC_WARN_UNDECLARED_SELECTOR = YES;
				GCC_WARN_UNINITIALIZED_AUTOS = YES_AGGRESSIVE;
				GCC_WARN_UNUSED_FUNCTION = YES;
				GCC_WARN_UNUSED_VARIABLE = YES;
				IPHONEOS_DEPLOYMENT_TARGET = 13.5;
				MTL_ENABLE_DEBUG_INFO = INCLUDE_SOURCE;
				MTL_FAST_MATH = YES;
				ONLY_ACTIVE_ARCH = YES;
				SDKROOT = iphoneos;
			};
			name = Debug;
		};
		383192EA24B400FA0032C26B /* Release */ = {
			isa = XCBuildConfiguration;
			buildSettings = {
				ALWAYS_SEARCH_USER_PATHS = NO;
				CLANG_ANALYZER_NONNULL = YES;
				CLANG_ANALYZER_NUMBER_OBJECT_CONVERSION = YES_AGGRESSIVE;
				CLANG_CXX_LANGUAGE_STANDARD = "gnu++14";
				CLANG_CXX_LIBRARY = "libc++";
				CLANG_ENABLE_MODULES = YES;
				CLANG_ENABLE_OBJC_ARC = YES;
				CLANG_ENABLE_OBJC_WEAK = YES;
				CLANG_WARN_BLOCK_CAPTURE_AUTORELEASING = YES;
				CLANG_WARN_BOOL_CONVERSION = YES;
				CLANG_WARN_COMMA = YES;
				CLANG_WARN_CONSTANT_CONVERSION = YES;
				CLANG_WARN_DEPRECATED_OBJC_IMPLEMENTATIONS = YES;
				CLANG_WARN_DIRECT_OBJC_ISA_USAGE = YES_ERROR;
				CLANG_WARN_DOCUMENTATION_COMMENTS = YES;
				CLANG_WARN_EMPTY_BODY = YES;
				CLANG_WARN_ENUM_CONVERSION = YES;
				CLANG_WARN_INFINITE_RECURSION = YES;
				CLANG_WARN_INT_CONVERSION = YES;
				CLANG_WARN_NON_LITERAL_NULL_CONVERSION = YES;
				CLANG_WARN_OBJC_IMPLICIT_RETAIN_SELF = YES;
				CLANG_WARN_OBJC_LITERAL_CONVERSION = YES;
				CLANG_WARN_OBJC_ROOT_CLASS = YES_ERROR;
				CLANG_WARN_RANGE_LOOP_ANALYSIS = YES;
				CLANG_WARN_STRICT_PROTOTYPES = YES;
				CLANG_WARN_SUSPICIOUS_MOVE = YES;
				CLANG_WARN_UNGUARDED_AVAILABILITY = YES_AGGRESSIVE;
				CLANG_WARN_UNREACHABLE_CODE = YES;
				CLANG_WARN__DUPLICATE_METHOD_MATCH = YES;
				COPY_PHASE_STRIP = NO;
				DEBUG_INFORMATION_FORMAT = "dwarf-with-dsym";
				ENABLE_NS_ASSERTIONS = NO;
				ENABLE_STRICT_OBJC_MSGSEND = YES;
				GCC_C_LANGUAGE_STANDARD = gnu11;
				GCC_NO_COMMON_BLOCKS = YES;
				GCC_WARN_64_TO_32_BIT_CONVERSION = YES;
				GCC_WARN_ABOUT_RETURN_TYPE = YES_ERROR;
				GCC_WARN_UNDECLARED_SELECTOR = YES;
				GCC_WARN_UNINITIALIZED_AUTOS = YES_AGGRESSIVE;
				GCC_WARN_UNUSED_FUNCTION = YES;
				GCC_WARN_UNUSED_VARIABLE = YES;
				IPHONEOS_DEPLOYMENT_TARGET = 13.5;
				MTL_ENABLE_DEBUG_INFO = NO;
				MTL_FAST_MATH = YES;
				SDKROOT = iphoneos;
				VALIDATE_PRODUCT = YES;
			};
			name = Release;
		};
		383192EC24B400FA0032C26B /* Debug */ = {
			isa = XCBuildConfiguration;
			buildSettings = {
				ASSETCATALOG_COMPILER_APPICON_NAME = AppIcon;
				CODE_SIGN_STYLE = Automatic;
				DEVELOPMENT_TEAM = LQ75G5YK98;
				INFOPLIST_FILE = Aeon/Info.plist;
				LD_RUNPATH_SEARCH_PATHS = (
					"$(inherited)",
					"@executable_path/Frameworks",
				);
				PRODUCT_BUNDLE_IDENTIFIER = com.K3nV.Aeon;
				PRODUCT_NAME = "$(TARGET_NAME)";
				TARGETED_DEVICE_FAMILY = "1,2";
			};
			name = Debug;
		};
		383192ED24B400FA0032C26B /* Release */ = {
			isa = XCBuildConfiguration;
			buildSettings = {
				ASSETCATALOG_COMPILER_APPICON_NAME = AppIcon;
				CODE_SIGN_STYLE = Automatic;
				DEVELOPMENT_TEAM = LQ75G5YK98;
				INFOPLIST_FILE = Aeon/Info.plist;
				LD_RUNPATH_SEARCH_PATHS = (
					"$(inherited)",
					"@executable_path/Frameworks",
				);
				PRODUCT_BUNDLE_IDENTIFIER = com.K3nV.Aeon;
				PRODUCT_NAME = "$(TARGET_NAME)";
				TARGETED_DEVICE_FAMILY = "1,2";
			};
			name = Release;
		};
		383192EF24B400FA0032C26B /* Debug */ = {
			isa = XCBuildConfiguration;
			buildSettings = {
				BUNDLE_LOADER = "$(TEST_HOST)";
				CODE_SIGN_STYLE = Automatic;
				DEVELOPMENT_TEAM = LQ75G5YK98;
				INFOPLIST_FILE = AeonTests/Info.plist;
				IPHONEOS_DEPLOYMENT_TARGET = 13.5;
				LD_RUNPATH_SEARCH_PATHS = (
					"$(inherited)",
					"@executable_path/Frameworks",
					"@loader_path/Frameworks",
				);
				PRODUCT_BUNDLE_IDENTIFIER = com.K3nV.AeonTests;
				PRODUCT_NAME = "$(TARGET_NAME)";
				TARGETED_DEVICE_FAMILY = "1,2";
				TEST_HOST = "$(BUILT_PRODUCTS_DIR)/Aeon.app/Aeon";
			};
			name = Debug;
		};
		383192F024B400FA0032C26B /* Release */ = {
			isa = XCBuildConfiguration;
			buildSettings = {
				BUNDLE_LOADER = "$(TEST_HOST)";
				CODE_SIGN_STYLE = Automatic;
				DEVELOPMENT_TEAM = LQ75G5YK98;
				INFOPLIST_FILE = AeonTests/Info.plist;
				IPHONEOS_DEPLOYMENT_TARGET = 13.5;
				LD_RUNPATH_SEARCH_PATHS = (
					"$(inherited)",
					"@executable_path/Frameworks",
					"@loader_path/Frameworks",
				);
				PRODUCT_BUNDLE_IDENTIFIER = com.K3nV.AeonTests;
				PRODUCT_NAME = "$(TARGET_NAME)";
				TARGETED_DEVICE_FAMILY = "1,2";
				TEST_HOST = "$(BUILT_PRODUCTS_DIR)/Aeon.app/Aeon";
			};
			name = Release;
		};
		383192F224B400FA0032C26B /* Debug */ = {
			isa = XCBuildConfiguration;
			buildSettings = {
				CODE_SIGN_STYLE = Automatic;
				DEVELOPMENT_TEAM = LQ75G5YK98;
				INFOPLIST_FILE = AeonUITests/Info.plist;
				LD_RUNPATH_SEARCH_PATHS = (
					"$(inherited)",
					"@executable_path/Frameworks",
					"@loader_path/Frameworks",
				);
				PRODUCT_BUNDLE_IDENTIFIER = com.K3nV.AeonUITests;
				PRODUCT_NAME = "$(TARGET_NAME)";
				TARGETED_DEVICE_FAMILY = "1,2";
				TEST_TARGET_NAME = Aeon;
			};
			name = Debug;
		};
		383192F324B400FA0032C26B /* Release */ = {
			isa = XCBuildConfiguration;
			buildSettings = {
				CODE_SIGN_STYLE = Automatic;
				DEVELOPMENT_TEAM = LQ75G5YK98;
				INFOPLIST_FILE = AeonUITests/Info.plist;
				LD_RUNPATH_SEARCH_PATHS = (
					"$(inherited)",
					"@executable_path/Frameworks",
					"@loader_path/Frameworks",
				);
				PRODUCT_BUNDLE_IDENTIFIER = com.K3nV.AeonUITests;
				PRODUCT_NAME = "$(TARGET_NAME)";
				TARGETED_DEVICE_FAMILY = "1,2";
				TEST_TARGET_NAME = Aeon;
			};
			name = Release;
		};
/* End XCBuildConfiguration section */

/* Begin XCConfigurationList section */
		383192B124B400F80032C26B /* Build configuration list for PBXProject "Aeon" */ = {
			isa = XCConfigurationList;
			buildConfigurations = (
				383192E924B400FA0032C26B /* Debug */,
				383192EA24B400FA0032C26B /* Release */,
			);
			defaultConfigurationIsVisible = 0;
			defaultConfigurationName = Release;
		};
		383192EB24B400FA0032C26B /* Build configuration list for PBXNativeTarget "Aeon" */ = {
			isa = XCConfigurationList;
			buildConfigurations = (
				383192EC24B400FA0032C26B /* Debug */,
				383192ED24B400FA0032C26B /* Release */,
			);
			defaultConfigurationIsVisible = 0;
			defaultConfigurationName = Release;
		};
		383192EE24B400FA0032C26B /* Build configuration list for PBXNativeTarget "AeonTests" */ = {
			isa = XCConfigurationList;
			buildConfigurations = (
				383192EF24B400FA0032C26B /* Debug */,
				383192F024B400FA0032C26B /* Release */,
			);
			defaultConfigurationIsVisible = 0;
			defaultConfigurationName = Release;
		};
		383192F124B400FA0032C26B /* Build configuration list for PBXNativeTarget "AeonUITests" */ = {
			isa = XCConfigurationList;
			buildConfigurations = (
				383192F224B400FA0032C26B /* Debug */,
				383192F324B400FA0032C26B /* Release */,
			);
			defaultConfigurationIsVisible = 0;
			defaultConfigurationName = Release;
		};
/* End XCConfigurationList section */

/* Begin XCVersionGroup section */
		383192BC24B400F80032C26B /* Aeon.xcdatamodeld */ = {
			isa = XCVersionGroup;
			children = (
				383192BD24B400F80032C26B /* Aeon.xcdatamodel */,
			);
			currentVersion = 383192BD24B400F80032C26B /* Aeon.xcdatamodel */;
			path = Aeon.xcdatamodeld;
			sourceTree = "<group>";
			versionGroupType = wrapper.xcdatamodel;
		};
/* End XCVersionGroup section */
	};
	rootObject = 383192AE24B400F80032C26B /* Project object */;
}
